
Microsoft Visual Studio Solution File, Format Version 11.00
# Visual Studio 2010
Project("{FAE04EC0-301F-11D3-BF4B-00C04F79EFBC}") = "DownloadTry1", "DownloadTry1\DownloadTry1.csproj", "{7EC31377-EA93-4329-B2A0-DA6FD4D11009}"
EndProject
Project("{54435603-DBB4-11D2-8724-00A0C9A8B90C}") = "SaanjhiDrive_Setup", "SaanjhiDrive_Setup\SaanjhiDrive_Setup.vdproj", "{C614F018-1075-409A-8720-B08A6BBF72E0}"
EndProject
Global
	GlobalSection(SolutionConfigurationPlatforms) = preSolution
		Debug|x86 = Debug|x86
		Release|x86 = Release|x86
	EndGlobalSection
	GlobalSection(ProjectConfigurationPlatforms) = postSolution
		{7EC31377-EA93-4329-B2A0-DA6FD4D11009}.Debug|x86.ActiveCfg = Debug|x86
		{7EC31377-EA93-4329-B2A0-DA6FD4D11009}.Debug|x86.Build.0 = Debug|x86
		{7EC31377-EA93-4329-B2A0-DA6FD4D11009}.Release|x86.ActiveCfg = Release|x86
		{7EC31377-EA93-4329-B2A0-DA6FD4D11009}.Release|x86.Build.0 = Release|x86
		{C614F018-1075-409A-8720-B08A6BBF72E0}.Debug|x86.ActiveCfg = Debug
		{C614F018-1075-409A-8720-B08A6BBF72E0}.Release|x86.ActiveCfg = Release
	EndGlobalSection
	GlobalSection(SolutionProperties) = preSolution
		HideSolutionNode = FALSE
	EndGlobalSection
EndGlobal
